
Microsoft Visual Studio Solution File, Format Version 12.00
# Visual Studio Version 17
VisualStudioVersion = 17.1.32421.90
MinimumVisualStudioVersion = 10.0.40219.1
Project("{FAE04EC0-301F-11D3-BF4B-00C04F79EFBC}") = "Stock", "Stock\Stock.csproj", "{780CA1D9-E194-4473-8F3F-5BB5E024CE7F}"
EndProject
Global
	GlobalSection(SolutionConfigurationPlatforms) = preSolution
		Debug|Any CPU = Debug|Any CPU
		Release|Any CPU = Release|Any CPU
	EndGlobalSection
	GlobalSection(ProjectConfigurationPlatforms) = postSolution
		{780CA1D9-E194-4473-8F3F-5BB5E024CE7F}.Debug|Any CPU.ActiveCfg = Debug|Any CPU
		{780CA1D9-E194-4473-8F3F-5BB5E024CE7F}.Debug|Any CPU.Build.0 = Debug|Any CPU
		{780CA1D9-E194-4473-8F3F-5BB5E024CE7F}.Release|Any CPU.ActiveCfg = Release|Any CPU
		{780CA1D9-E194-4473-8F3F-5BB5E024CE7F}.Release|Any CPU.Build.0 = Release|Any CPU
	EndGlobalSection
	GlobalSection(SolutionProperties) = preSolution
		HideSolutionNode = FALSE
	EndGlobalSection
	GlobalSection(ExtensibilityGlobals) = postSolution
		SolutionGuid = {810FDD12-59E6-4AE5-9643-D74704394FB7}
	EndGlobalSection
EndGlobal
